// !$*UTF8*$!
{
	archiveVersion = 1;
	classes = {
	};
	objectVersion = 46;
	objects = {

/* Begin PBXBuildFile section */
		1B2F64A81CB3812400679CBD /* HNStatusNotiConfig.m in Sources */ = {isa = PBXBuildFile; fileRef = 1B2F64A71CB3812400679CBD /* HNStatusNotiConfig.m */; };
		1B2F64AB1CB40C0A00679CBD /* HNTimerManager.m in Sources */ = {isa = PBXBuildFile; fileRef = 1B2F64AA1CB40C0A00679CBD /* HNTimerManager.m */; };
		1B3D61821CB20E4000A818E6 /* main.m in Sources */ = {isa = PBXBuildFile; fileRef = 1B3D61811CB20E4000A818E6 /* main.m */; };
		1B3D61851CB20E4000A818E6 /* AppDelegate.m in Sources */ = {isa = PBXBuildFile; fileRef = 1B3D61841CB20E4000A818E6 /* AppDelegate.m */; };
		1B3D61881CB20E4000A818E6 /* ViewController.m in Sources */ = {isa = PBXBuildFile; fileRef = 1B3D61871CB20E4000A818E6 /* ViewController.m */; };
		1B3D618B1CB20E4000A818E6 /* Main.storyboard in Resources */ = {isa = PBXBuildFile; fileRef = 1B3D61891CB20E4000A818E6 /* Main.storyboard */; };
		1B3D618D1CB20E4000A818E6 /* Assets.xcassets in Resources */ = {isa = PBXBuildFile; fileRef = 1B3D618C1CB20E4000A818E6 /* Assets.xcassets */; };
		1B3D61901CB20E4000A818E6 /* LaunchScreen.storyboard in Resources */ = {isa = PBXBuildFile; fileRef = 1B3D618E1CB20E4000A818E6 /* LaunchScreen.storyboard */; };
		1B3D619A1CB20EC300A818E6 /* HNStatusBarNotiManager.m in Sources */ = {isa = PBXBuildFile; fileRef = 1B3D61991CB20EC300A818E6 /* HNStatusBarNotiManager.m */; };
		1B3D619D1CB20EEF00A818E6 /* HNStatusBarView.m in Sources */ = {isa = PBXBuildFile; fileRef = 1B3D619C1CB20EEF00A818E6 /* HNStatusBarView.m */; };
/* End PBXBuildFile section */

/* Begin PBXFileReference section */
		1B2F64A61CB3812400679CBD /* HNStatusNotiConfig.h */ = {isa = PBXFileReference; fileEncoding = 4; lastKnownFileType = sourcecode.c.h; path = HNStatusNotiConfig.h; sourceTree = "<group>"; };
		1B2F64A71CB3812400679CBD /* HNStatusNotiConfig.m */ = {isa = PBXFileReference; fileEncoding = 4; lastKnownFileType = sourcecode.c.objc; path = HNStatusNotiConfig.m; sourceTree = "<group>"; };
		1B2F64A91CB40C0A00679CBD /* HNTimerManager.h */ = {isa = PBXFileReference; fileEncoding = 4; lastKnownFileType = sourcecode.c.h; path = HNTimerManager.h; sourceTree = "<group>"; };
		1B2F64AA1CB40C0A00679CBD /* HNTimerManager.m */ = {isa = PBXFileReference; fileEncoding = 4; lastKnownFileType = sourcecode.c.objc; path = HNTimerManager.m; sourceTree = "<group>"; };
		1B3D617D1CB20E3F00A818E6 /* HNStatusBarNotification.app */ = {isa = PBXFileReference; explicitFileType = wrapper.application; includeInIndex = 0; path = HNStatusBarNotification.app; sourceTree = BUILT_PRODUCTS_DIR; };
		1B3D61811CB20E4000A818E6 /* main.m */ = {isa = PBXFileReference; lastKnownFileType = sourcecode.c.objc; path = main.m; sourceTree = "<group>"; };
		1B3D61831CB20E4000A818E6 /* AppDelegate.h */ = {isa = PBXFileReference; lastKnownFileType = sourcecode.c.h; path = AppDelegate.h; sourceTree = "<group>"; };
		1B3D61841CB20E4000A818E6 /* AppDelegate.m */ = {isa = PBXFileReference; lastKnownFileType = sourcecode.c.objc; path = AppDelegate.m; sourceTree = "<group>"; };
		1B3D61861CB20E4000A818E6 /* ViewController.h */ = {isa = PBXFileReference; lastKnownFileType = sourcecode.c.h; path = ViewController.h; sourceTree = "<group>"; };
		1B3D61871CB20E4000A818E6 /* ViewController.m */ = {isa = PBXFileReference; lastKnownFileType = sourcecode.c.objc; path = ViewController.m; sourceTree = "<group>"; };
		1B3D618A1CB20E4000A818E6 /* Base */ = {isa = PBXFileReference; lastKnownFileType = file.storyboard; name = Base; path = Base.lproj/Main.storyboard; sourceTree = "<group>"; };
		1B3D618C1CB20E4000A818E6 /* Assets.xcassets */ = {isa = PBXFileReference; lastKnownFileType = folder.assetcatalog; path = Assets.xcassets; sourceTree = "<group>"; };
		1B3D618F1CB20E4000A818E6 /* Base */ = {isa = PBXFileReference; lastKnownFileType = file.storyboard; name = Base; path = Base.lproj/LaunchScreen.storyboard; sourceTree = "<group>"; };
		1B3D61911CB20E4000A818E6 /* Info.plist */ = {isa = PBXFileReference; lastKnownFileType = text.plist.xml; path = Info.plist; sourceTree = "<group>"; };
		1B3D61981CB20EC300A818E6 /* HNStatusBarNotiManager.h */ = {isa = PBXFileReference; fileEncoding = 4; lastKnownFileType = sourcecode.c.h; path = HNStatusBarNotiManager.h; sourceTree = "<group>"; };
		1B3D61991CB20EC300A818E6 /* HNStatusBarNotiManager.m */ = {isa = PBXFileReference; fileEncoding = 4; lastKnownFileType = sourcecode.c.objc; path = HNStatusBarNotiManager.m; sourceTree = "<group>"; };
		1B3D619B1CB20EEF00A818E6 /* HNStatusBarView.h */ = {isa = PBXFileReference; fileEncoding = 4; lastKnownFileType = sourcecode.c.h; path = HNStatusBarView.h; sourceTree = "<group>"; };
		1B3D619C1CB20EEF00A818E6 /* HNStatusBarView.m */ = {isa = PBXFileReference; fileEncoding = 4; lastKnownFileType = sourcecode.c.objc; path = HNStatusBarView.m; sourceTree = "<group>"; };
/* End PBXFileReference section */

/* Begin PBXFrameworksBuildPhase section */
		1B3D617A1CB20E3F00A818E6 /* Frameworks */ = {
			isa = PBXFrameworksBuildPhase;
			buildActionMask = 2147483647;
			files = (
			);
			runOnlyForDeploymentPostprocessing = 0;
		};
/* End PBXFrameworksBuildPhase section */

/* Begin PBXGroup section */
		1B3D61741CB20E3F00A818E6 = {
			isa = PBXGroup;
			children = (
				1B3D617F1CB20E4000A818E6 /* HNStatusBarNotification */,
				1B3D617E1CB20E3F00A818E6 /* Products */,
			);
			sourceTree = "<group>";
		};
		1B3D617E1CB20E3F00A818E6 /* Products */ = {
			isa = PBXGroup;
			children = (
				1B3D617D1CB20E3F00A818E6 /* HNStatusBarNotification.app */,
			);
			name = Products;
			sourceTree = "<group>";
		};
		1B3D617F1CB20E4000A818E6 /* HNStatusBarNotification */ = {
			isa = PBXGroup;
			children = (
				1B3D61971CB20E8600A818E6 /* HNStatusBarNotificationLib */,
				1B3D61831CB20E4000A818E6 /* AppDelegate.h */,
				1B3D61841CB20E4000A818E6 /* AppDelegate.m */,
				1B3D61861CB20E4000A818E6 /* ViewController.h */,
				1B3D61871CB20E4000A818E6 /* ViewController.m */,
				1B3D61891CB20E4000A818E6 /* Main.storyboard */,
				1B3D618C1CB20E4000A818E6 /* Assets.xcassets */,
				1B3D618E1CB20E4000A818E6 /* LaunchScreen.storyboard */,
				1B3D61911CB20E4000A818E6 /* Info.plist */,
				1B3D61801CB20E4000A818E6 /* Supporting Files */,
			);
			path = HNStatusBarNotification;
			sourceTree = "<group>";
		};
		1B3D61801CB20E4000A818E6 /* Supporting Files */ = {
			isa = PBXGroup;
			children = (
				1B3D61811CB20E4000A818E6 /* main.m */,
			);
			name = "Supporting Files";
			sourceTree = "<group>";
		};
		1B3D61971CB20E8600A818E6 /* HNStatusBarNotificationLib */ = {
			isa = PBXGroup;
			children = (
				1B3D61981CB20EC300A818E6 /* HNStatusBarNotiManager.h */,
				1B3D61991CB20EC300A818E6 /* HNStatusBarNotiManager.m */,
				1B3D619B1CB20EEF00A818E6 /* HNStatusBarView.h */,
				1B3D619C1CB20EEF00A818E6 /* HNStatusBarView.m */,
				1B2F64A61CB3812400679CBD /* HNStatusNotiConfig.h */,
				1B2F64A71CB3812400679CBD /* HNStatusNotiConfig.m */,
				1B2F64A91CB40C0A00679CBD /* HNTimerManager.h */,
				1B2F64AA1CB40C0A00679CBD /* HNTimerManager.m */,
			);
			path = HNStatusBarNotificationLib;
			sourceTree = "<group>";
		};
/* End PBXGroup section */

/* Begin PBXNativeTarget section */
		1B3D617C1CB20E3F00A818E6 /* HNStatusBarNotification */ = {
			isa = PBXNativeTarget;
			buildConfigurationList = 1B3D61941CB20E4000A818E6 /* Build configuration list for PBXNativeTarget "HNStatusBarNotification" */;
			buildPhases = (
				1B3D61791CB20E3F00A818E6 /* Sources */,
				1B3D617A1CB20E3F00A818E6 /* Frameworks */,
				1B3D617B1CB20E3F00A818E6 /* Resources */,
			);
			buildRules = (
			);
			dependencies = (
			);
			name = HNStatusBarNotification;
			productName = HNStatusBarNotification;
			productReference = 1B3D617D1CB20E3F00A818E6 /* HNStatusBarNotification.app */;
			productType = "com.apple.product-type.application";
		};
/* End PBXNativeTarget section */

/* Begin PBXProject section */
		1B3D61751CB20E3F00A818E6 /* Project object */ = {
			isa = PBXProject;
			attributes = {
				CLASSPREFIX = HN;
				LastUpgradeCheck = 0730;
				ORGANIZATIONNAME = Zakariyya;
				TargetAttributes = {
					1B3D617C1CB20E3F00A818E6 = {
						CreatedOnToolsVersion = 7.3;
					};
				};
			};
			buildConfigurationList = 1B3D61781CB20E3F00A818E6 /* Build configuration list for PBXProject "HNStatusBarNotification" */;
			compatibilityVersion = "Xcode 3.2";
			developmentRegion = English;
			hasScannedForEncodings = 0;
			knownRegions = (
				en,
				Base,
			);
			mainGroup = 1B3D61741CB20E3F00A818E6;
			productRefGroup = 1B3D617E1CB20E3F00A818E6 /* Products */;
			projectDirPath = "";
			projectRoot = "";
			targets = (
				1B3D617C1CB20E3F00A818E6 /* HNStatusBarNotification */,
			);
		};
/* End PBXProject section */

/* Begin PBXResourcesBuildPhase section */
		1B3D617B1CB20E3F00A818E6 /* Resources */ = {
			isa = PBXResourcesBuildPhase;
			buildActionMask = 2147483647;
			files = (
				1B3D61901CB20E4000A818E6 /* LaunchScreen.storyboard in Resources */,
				1B3D618D1CB20E4000A818E6 /* Assets.xcassets in Resources */,
				1B3D618B1CB20E4000A818E6 /* Main.storyboard in Resources */,
			);
			runOnlyForDeploymentPostprocessing = 0;
		};
/* End PBXResourcesBuildPhase section */

/* Begin PBXSourcesBuildPhase section */
		1B3D61791CB20E3F00A818E6 /* Sources */ = {
			isa = PBXSourcesBuildPhase;
			buildActionMask = 2147483647;
			files = (
				1B3D61881CB20E4000A818E6 /* ViewController.m in Sources */,
				1B3D61851CB20E4000A818E6 /* AppDelegate.m in Sources */,
				1B3D619D1CB20EEF00A818E6 /* HNStatusBarView.m in Sources */,
				1B3D61821CB20E4000A818E6 /* main.m in Sources */,
				1B3D619A1CB20EC300A818E6 /* HNStatusBarNotiManager.m in Sources */,
				1B2F64AB1CB40C0A00679CBD /* HNTimerManager.m in Sources */,
				1B2F64A81CB3812400679CBD /* HNStatusNotiConfig.m in Sources */,
			);
			runOnlyForDeploymentPostprocessing = 0;
		};
/* End PBXSourcesBuildPhase section */

/* Begin PBXVariantGroup section */
		1B3D61891CB20E4000A818E6 /* Main.storyboard */ = {
			isa = PBXVariantGroup;
			children = (
				1B3D618A1CB20E4000A818E6 /* Base */,
			);
			name = Main.storyboard;
			sourceTree = "<group>";
		};
		1B3D618E1CB20E4000A818E6 /* LaunchScreen.storyboard */ = {
			isa = PBXVariantGroup;
			children = (
				1B3D618F1CB20E4000A818E6 /* Base */,
			);
			name = LaunchScreen.storyboard;
			sourceTree = "<group>";
		};
/* End PBXVariantGroup section */

/* Begin XCBuildConfiguration section */
		1B3D61921CB20E4000A818E6 /* Debug */ = {
			isa = XCBuildConfiguration;
			buildSettings = {
				ALWAYS_SEARCH_USER_PATHS = NO;
				CLANG_ANALYZER_NONNULL = YES;
				CLANG_CXX_LANGUAGE_STANDARD = "gnu++0x";
				CLANG_CXX_LIBRARY = "libc++";
				CLANG_ENABLE_MODULES = YES;
				CLANG_ENABLE_OBJC_ARC = YES;
				CLANG_WARN_BOOL_CONVERSION = YES;
				CLANG_WARN_CONSTANT_CONVERSION = YES;
				CLANG_WARN_DIRECT_OBJC_ISA_USAGE = YES_ERROR;
				CLANG_WARN_EMPTY_BODY = YES;
				CLANG_WARN_ENUM_CONVERSION = YES;
				CLANG_WARN_INT_CONVERSION = YES;
				CLANG_WARN_OBJC_ROOT_CLASS = YES_ERROR;
				CLANG_WARN_UNREACHABLE_CODE = YES;
				CLANG_WARN__DUPLICATE_METHOD_MATCH = YES;
				"CODE_SIGN_IDENTITY[sdk=iphoneos*]" = "iPhone Developer";
				COPY_PHASE_STRIP = NO;
				DEBUG_INFORMATION_FORMAT = dwarf;
				ENABLE_STRICT_OBJC_MSGSEND = YES;
				ENABLE_TESTABILITY = YES;
				GCC_C_LANGUAGE_STANDARD = gnu99;
				GCC_DYNAMIC_NO_PIC = NO;
				GCC_NO_COMMON_BLOCKS = YES;
				GCC_OPTIMIZATION_LEVEL = 0;
				GCC_PREPROCESSOR_DEFINITIONS = (
					"DEBUG=1",
					"$(inherited)",
				);
				GCC_WARN_64_TO_32_BIT_CONVERSION = YES;
				GCC_WARN_ABOUT_RETURN_TYPE = YES_ERROR;
				GCC_WARN_UNDECLARED_SELECTOR = YES;
				GCC_WARN_UNINITIALIZED_AUTOS = YES_AGGRESSIVE;
				GCC_WARN_UNUSED_FUNCTION = YES;
				GCC_WARN_UNUSED_VARIABLE = YES;
				IPHONEOS_DEPLOYMENT_TARGET = 9.3;
				MTL_ENABLE_DEBUG_INFO = YES;
				ONLY_ACTIVE_ARCH = YES;
				SDKROOT = iphoneos;
				TARGETED_DEVICE_FAMILY = "1,2";
			};
			name = Debug;
		};
		1B3D61931CB20E4000A818E6 /* Release */ = {
			isa = XCBuildConfiguration;
			buildSettings = {
				ALWAYS_SEARCH_USER_PATHS = NO;
				CLANG_ANALYZER_NONNULL = YES;
				CLANG_CXX_LANGUAGE_STANDARD = "gnu++0x";
				CLANG_CXX_LIBRARY = "libc++";
				CLANG_ENABLE_MODULES = YES;
				CLANG_ENABLE_OBJC_ARC = YES;
				CLANG_WARN_BOOL_CONVERSION = YES;
				CLANG_WARN_CONSTANT_CONVERSION = YES;
				CLANG_WARN_DIRECT_OBJC_ISA_USAGE = YES_ERROR;
				CLANG_WARN_EMPTY_BODY = YES;
				CLANG_WARN_ENUM_CONVERSION = YES;
				CLANG_WARN_INT_CONVERSION = YES;
				CLANG_WARN_OBJC_ROOT_CLASS = YES_ERROR;
				CLANG_WARN_UNREACHABLE_CODE = YES;
				CLANG_WARN__DUPLICATE_METHOD_MATCH = YES;
				"CODE_SIGN_IDENTITY[sdk=iphoneos*]" = "iPhone Developer";
				COPY_PHASE_STRIP = NO;
				DEBUG_INFORMATION_FORMAT = "dwarf-with-dsym";
				ENABLE_NS_ASSERTIONS = NO;
				ENABLE_STRICT_OBJC_MSGSEND = YES;
				GCC_C_LANGUAGE_STANDARD = gnu99;
				GCC_NO_COMMON_BLOCKS = YES;
				GCC_WARN_64_TO_32_BIT_CONVERSION = YES;
				GCC_WARN_ABOUT_RETURN_TYPE = YES_ERROR;
				GCC_WARN_UNDECLARED_SELECTOR = YES;
				GCC_WARN_UNINITIALIZED_AUTOS = YES_AGGRESSIVE;
				GCC_WARN_UNUSED_FUNCTION = YES;
				GCC_WARN_UNUSED_VARIABLE = YES;
				IPHONEOS_DEPLOYMENT_TARGET = 9.3;
				MTL_ENABLE_DEBUG_INFO = NO;
				SDKROOT = iphoneos;
				TARGETED_DEVICE_FAMILY = "1,2";
				VALIDATE_PRODUCT = YES;
			};
			name = Release;
		};
		1B3D61951CB20E4000A818E6 /* Debug */ = {
			isa = XCBuildConfiguration;
			buildSettings = {
				ASSETCATALOG_COMPILER_APPICON_NAME = AppIcon;
				INFOPLIST_FILE = HNStatusBarNotification/Info.plist;
				LD_RUNPATH_SEARCH_PATHS = "$(inherited) @executable_path/Frameworks";
				PRODUCT_BUNDLE_IDENTIFIER = zakariyya.HNStatusBarNotification;
				PRODUCT_NAME = "$(TARGET_NAME)";
			};
			name = Debug;
		};
		1B3D61961CB20E4000A818E6 /* Release */ = {
			isa = XCBuildConfiguration;
			buildSettings = {
				ASSETCATALOG_COMPILER_APPICON_NAME = AppIcon;
				INFOPLIST_FILE = HNStatusBarNotification/Info.plist;
				LD_RUNPATH_SEARCH_PATHS = "$(inherited) @executable_path/Frameworks";
				PRODUCT_BUNDLE_IDENTIFIER = zakariyya.HNStatusBarNotification;
				PRODUCT_NAME = "$(TARGET_NAME)";
			};
			name = Release;
		};
/* End XCBuildConfiguration section */

/* Begin XCConfigurationList section */
		1B3D61781CB20E3F00A818E6 /* Build configuration list for PBXProject "HNStatusBarNotification" */ = {
			isa = XCConfigurationList;
			buildConfigurations = (
				1B3D61921CB20E4000A818E6 /* Debug */,
				1B3D61931CB20E4000A818E6 /* Release */,
			);
			defaultConfigurationIsVisible = 0;
			defaultConfigurationName = Release;
		};
		1B3D61941CB20E4000A818E6 /* Build configuration list for PBXNativeTarget "HNStatusBarNotification" */ = {
			isa = XCConfigurationList;
			buildConfigurations = (
				1B3D61951CB20E4000A818E6 /* Debug */,
				1B3D61961CB20E4000A818E6 /* Release */,
			);
			defaultConfigurationIsVisible = 0;
			defaultConfigurationName = Release;
		};
/* End XCConfigurationList section */
	};
	rootObject = 1B3D61751CB20E3F00A818E6 /* Project object */;
}
